
Microsoft Visual Studio Solution File, Format Version 12.00
# Visual Studio 2012
Project("{FAE04EC0-301F-11D3-BF4B-00C04F79EFBC}") = "Module_PV", "WindowsFormsApplication1\Module_PV.csproj", "{AD71C485-16AB-4CD4-B36F-746C72C06F72}"
EndProject
Global
	GlobalSection(SolutionConfigurationPlatforms) = preSolution
		Debug|Any CPU = Debug|Any CPU
		Release|Any CPU = Release|Any CPU
	EndGlobalSection
	GlobalSection(ProjectConfigurationPlatforms) = postSolution
		{AD71C485-16AB-4CD4-B36F-746C72C06F72}.Debug|Any CPU.ActiveCfg = Debug|Any CPU
		{AD71C485-16AB-4CD4-B36F-746C72C06F72}.Debug|Any CPU.Build.0 = Debug|Any CPU
		{AD71C485-16AB-4CD4-B36F-746C72C06F72}.Release|Any CPU.ActiveCfg = Release|Any CPU
		{AD71C485-16AB-4CD4-B36F-746C72C06F72}.Release|Any CPU.Build.0 = Release|Any CPU
	EndGlobalSection
	GlobalSection(SolutionProperties) = preSolution
		HideSolutionNode = FALSE
	EndGlobalSection
EndGlobal
